
Microsoft Visual Studio Solution File, Format Version 12.00
# Visual Studio Version 17
VisualStudioVersion = 17.5.002.0
MinimumVisualStudioVersion = 10.0.40219.1
Project("{9A19103F-16F7-4668-BE54-9A1E7A4F7556}") = "Task2", "Task2.csproj", "{2A726F1A-E7D0-4505-9DC3-8DCC852A83DE}"
EndProject
Global
	GlobalSection(SolutionConfigurationPlatforms) = preSolution
		Debug|Any CPU = Debug|Any CPU
		Release|Any CPU = Release|Any CPU
	EndGlobalSection
	GlobalSection(ProjectConfigurationPlatforms) = postSolution
		{2A726F1A-E7D0-4505-9DC3-8DCC852A83DE}.Debug|Any CPU.ActiveCfg = Debug|Any CPU
		{2A726F1A-E7D0-4505-9DC3-8DCC852A83DE}.Debug|Any CPU.Build.0 = Debug|Any CPU
		{2A726F1A-E7D0-4505-9DC3-8DCC852A83DE}.Release|Any CPU.ActiveCfg = Release|Any CPU
		{2A726F1A-E7D0-4505-9DC3-8DCC852A83DE}.Release|Any CPU.Build.0 = Release|Any CPU
	EndGlobalSection
	GlobalSection(SolutionProperties) = preSolution
		HideSolutionNode = FALSE
	EndGlobalSection
	GlobalSection(ExtensibilityGlobals) = postSolution
		SolutionGuid = {D3256C6C-EED6-4D97-BB69-5CE6C601613C}
	EndGlobalSection
EndGlobal
