
Microsoft Visual Studio Solution File, Format Version 12.00
# Visual Studio Version 17
VisualStudioVersion = 17.5.002.0
MinimumVisualStudioVersion = 10.0.40219.1
Project("{9A19103F-16F7-4668-BE54-9A1E7A4F7556}") = "Task3", "Task3.csproj", "{F8EB36B8-E22E-4512-913E-92C62CF996E8}"
EndProject
Global
	GlobalSection(SolutionConfigurationPlatforms) = preSolution
		Debug|Any CPU = Debug|Any CPU
		Release|Any CPU = Release|Any CPU
	EndGlobalSection
	GlobalSection(ProjectConfigurationPlatforms) = postSolution
		{F8EB36B8-E22E-4512-913E-92C62CF996E8}.Debug|Any CPU.ActiveCfg = Debug|Any CPU
		{F8EB36B8-E22E-4512-913E-92C62CF996E8}.Debug|Any CPU.Build.0 = Debug|Any CPU
		{F8EB36B8-E22E-4512-913E-92C62CF996E8}.Release|Any CPU.ActiveCfg = Release|Any CPU
		{F8EB36B8-E22E-4512-913E-92C62CF996E8}.Release|Any CPU.Build.0 = Release|Any CPU
	EndGlobalSection
	GlobalSection(SolutionProperties) = preSolution
		HideSolutionNode = FALSE
	EndGlobalSection
	GlobalSection(ExtensibilityGlobals) = postSolution
		SolutionGuid = {5B4765B8-80E4-4EA5-8FCE-CBAF73ADB752}
	EndGlobalSection
EndGlobal
