
Microsoft Visual Studio Solution File, Format Version 12.00
# Visual Studio Version 17
VisualStudioVersion = 17.5.002.0
MinimumVisualStudioVersion = 10.0.40219.1
Project("{9A19103F-16F7-4668-BE54-9A1E7A4F7556}") = "HW", "HW.csproj", "{DC145C87-8E13-45A6-B6FE-397B633AC074}"
EndProject
Global
	GlobalSection(SolutionConfigurationPlatforms) = preSolution
		Debug|Any CPU = Debug|Any CPU
		Release|Any CPU = Release|Any CPU
	EndGlobalSection
	GlobalSection(ProjectConfigurationPlatforms) = postSolution
		{DC145C87-8E13-45A6-B6FE-397B633AC074}.Debug|Any CPU.ActiveCfg = Debug|Any CPU
		{DC145C87-8E13-45A6-B6FE-397B633AC074}.Debug|Any CPU.Build.0 = Debug|Any CPU
		{DC145C87-8E13-45A6-B6FE-397B633AC074}.Release|Any CPU.ActiveCfg = Release|Any CPU
		{DC145C87-8E13-45A6-B6FE-397B633AC074}.Release|Any CPU.Build.0 = Release|Any CPU
	EndGlobalSection
	GlobalSection(SolutionProperties) = preSolution
		HideSolutionNode = FALSE
	EndGlobalSection
	GlobalSection(ExtensibilityGlobals) = postSolution
		SolutionGuid = {55ACE621-5D9E-4529-AD9A-6400FF3F0835}
	EndGlobalSection
EndGlobal
